
Microsoft Visual Studio Solution File, Format Version 12.00
# Visual Studio Version 16
VisualStudioVersion = 16.0.28803.156
MinimumVisualStudioVersion = 10.0.40219.1
Project("{FAE04EC0-301F-11D3-BF4B-00C04F79EFBC}") = "Automata", "Automata\Automata.csproj", "{D19A1133-1C05-47B9-BB99-C074D7277663}"
EndProject
Global
	GlobalSection(SolutionConfigurationPlatforms) = preSolution
		Debug|Any CPU = Debug|Any CPU
		Release|Any CPU = Release|Any CPU
	EndGlobalSection
	GlobalSection(ProjectConfigurationPlatforms) = postSolution
		{D19A1133-1C05-47B9-BB99-C074D7277663}.Debug|Any CPU.ActiveCfg = Debug|Any CPU
		{D19A1133-1C05-47B9-BB99-C074D7277663}.Debug|Any CPU.Build.0 = Debug|Any CPU
		{D19A1133-1C05-47B9-BB99-C074D7277663}.Release|Any CPU.ActiveCfg = Release|Any CPU
		{D19A1133-1C05-47B9-BB99-C074D7277663}.Release|Any CPU.Build.0 = Release|Any CPU
	EndGlobalSection
	GlobalSection(SolutionProperties) = preSolution
		HideSolutionNode = FALSE
	EndGlobalSection
	GlobalSection(ExtensibilityGlobals) = postSolution
		SolutionGuid = {EC339610-C4A3-413F-9AA0-B9288A7469C0}
	EndGlobalSection
EndGlobal
